
Microsoft Visual Studio Solution File, Format Version 12.00
# Visual Studio Version 17
VisualStudioVersion = 17.9.34607.119
MinimumVisualStudioVersion = 10.0.40219.1
Project("{FAE04EC0-301F-11D3-BF4B-00C04F79EFBC}") = "BillValidator.CashCode.Driver", "..\BillValidator.CashCode.Driver\BillValidator.CashCode.Driver.csproj", "{C880899D-95F0-4342-96ED-1E4F987A50B2}"
EndProject
Project("{FAE04EC0-301F-11D3-BF4B-00C04F79EFBC}") = "Terminal_WinForms_App", "Terminal_WinForms_App\Terminal_WinForms_App.csproj", "{FF8CF05F-3B28-496B-9725-00F02CC6C464}"
EndProject
Global
	GlobalSection(SolutionConfigurationPlatforms) = preSolution
		Debug|Any CPU = Debug|Any CPU
		Release|Any CPU = Release|Any CPU
	EndGlobalSection
	GlobalSection(ProjectConfigurationPlatforms) = postSolution
		{C880899D-95F0-4342-96ED-1E4F987A50B2}.Debug|Any CPU.ActiveCfg = Debug|Any CPU
		{C880899D-95F0-4342-96ED-1E4F987A50B2}.Debug|Any CPU.Build.0 = Debug|Any CPU
		{C880899D-95F0-4342-96ED-1E4F987A50B2}.Release|Any CPU.ActiveCfg = Release|Any CPU
		{C880899D-95F0-4342-96ED-1E4F987A50B2}.Release|Any CPU.Build.0 = Release|Any CPU
		{FF8CF05F-3B28-496B-9725-00F02CC6C464}.Debug|Any CPU.ActiveCfg = Debug|Any CPU
		{FF8CF05F-3B28-496B-9725-00F02CC6C464}.Debug|Any CPU.Build.0 = Debug|Any CPU
		{FF8CF05F-3B28-496B-9725-00F02CC6C464}.Release|Any CPU.ActiveCfg = Release|Any CPU
		{FF8CF05F-3B28-496B-9725-00F02CC6C464}.Release|Any CPU.Build.0 = Release|Any CPU
	EndGlobalSection
	GlobalSection(SolutionProperties) = preSolution
		HideSolutionNode = FALSE
	EndGlobalSection
	GlobalSection(ExtensibilityGlobals) = postSolution
		SolutionGuid = {A71EC816-018D-4A8E-8A8A-9B8A8C60BED9}
	EndGlobalSection
EndGlobal
